{
  "lockfileVersion": 1,
  "configVersion": 1,
  "workspaces": {
    "": {},
    "packages/dsh-plugin": {
      "name": "@flyingcoding/dsh-magic-context",
      "version": "0.1.0-alpha.1",
      "dependencies": {
        "@deepseek-ai/schemastery": "3.18.2",
        "zod": "^4.4.3",
      },
      "devDependencies": {
        "@biomejs/biome": "^2.5.1",
        "@deepseek-ai/cordis": "4.0.2",
        "@deepseek-ai/dsh-agent": "0.1.5-rc.2",
        "@deepseek-ai/dsh-agent-loop": "0.1.5-rc.2",
        "@deepseek-ai/dsh-agent-loop-testkit": "0.1.5-rc.2",
        "@deepseek-ai/dsh-api-remotes": "0.1.5-rc.2",
        "@deepseek-ai/dsh-client-locale": "0.1.5-rc.2",
        "@deepseek-ai/dsh-client-ui-renderer": "0.1.5-rc.2",
        "@deepseek-ai/dsh-client-ui-settings": "0.1.5-rc.2",
        "@deepseek-ai/dsh-client-ui-slots": "0.1.5-rc.2",
        "@deepseek-ai/dsh-compaction": "0.1.5-rc.2",
        "@deepseek-ai/dsh-compaction-basic": "0.1.5-rc.2",
        "@deepseek-ai/dsh-llm": "0.1.5-rc.2",
        "@deepseek-ai/dsh-session": "0.1.5-rc.2",
        "@deepseek-ai/dsh-session-persistence": "0.1.5-rc.2",
        "@deepseek-ai/dsh-session-persistence-jsonl": "0.1.5-rc.2",
        "@deepseek-ai/dsh-session-projection": "0.1.5-rc.2",
        "@deepseek-ai/dsh-system-prompt": "0.1.5-rc.2",
        "@deepseek-ai/dsh-token-meter": "0.1.5-rc.2",
        "@deepseek-ai/dsh-tools": "0.1.5-rc.2",
        "@deepseek-ai/dsh-typert-protocol": "0.1.5-rc.2",
        "@deepseek-ai/dsh-typert-registry": "0.1.5-rc.2",
        "@types/bun": "^1.3.10",
        "@types/node": "^24.0.0",
        "@types/react": "~18.3.1",
        "react": "18.3.1",
        "tsx": "^4.23.12",
        "typescript": "~5.9.3",
      },
      "peerDependencies": {
        "@deepseek-ai/cordis": "4.0.2",
        "@deepseek-ai/dsh-agent": "0.1.5-rc.2",
        "@deepseek-ai/dsh-api-remotes": "0.1.5-rc.2",
        "@deepseek-ai/dsh-client-locale": "0.1.5-rc.2",
        "@deepseek-ai/dsh-client-ui-renderer": "0.1.5-rc.2",
        "@deepseek-ai/dsh-client-ui-settings": "0.1.5-rc.2",
        "@deepseek-ai/dsh-client-ui-slots": "0.1.5-rc.2",
        "@deepseek-ai/dsh-llm": "0.1.5-rc.2",
        "@deepseek-ai/dsh-session": "0.1.5-rc.2",
        "@deepseek-ai/dsh-session-projection": "0.1.5-rc.2",
        "@deepseek-ai/dsh-system-prompt": "0.1.5-rc.2",
        "@deepseek-ai/dsh-tools": "0.1.5-rc.2",
        "@deepseek-ai/dsh-typert-protocol": "0.1.5-rc.2",
        "react": "^18.2.0",
      },
      "optionalPeers": [
        "@deepseek-ai/dsh-api-remotes",
        "@deepseek-ai/dsh-client-locale",
        "@deepseek-ai/dsh-client-ui-renderer",
        "@deepseek-ai/dsh-client-ui-settings",
        "@deepseek-ai/dsh-client-ui-slots",
        "react",
      ],
    },
  },
  "packages": {
    "@biomejs/biome": ["@biomejs/biome@2.5.1", "", { "optionalDependencies": { "@biomejs/cli-darwin-arm64": "2.5.1", "@biomejs/cli-darwin-x64": "2.5.1", "@biomejs/cli-linux-arm64": "2.5.1", "@biomejs/cli-linux-arm64-musl": "2.5.1", "@biomejs/cli-linux-x64": "2.5.1", "@biomejs/cli-linux-x64-musl": "2.5.1", "@biomejs/cli-win32-arm64": "2.5.1", "@biomejs/cli-win32-x64": "2.5.1" }, "bin": { "biome": "bin/biome" } }, "sha512-IXWLCxKmae+rI7LOHS1B3EbVisQ6GRAWbhN9msa6KjNCyFWrvKZWR4oUdinaNssrV852OrSHuSPa95h1GPJc7Q=="],

    "@biomejs/cli-darwin-arm64": ["@biomejs/cli-darwin-arm64@2.5.1", "", { "os": "darwin", "cpu": "arm64" }, "sha512-npqDzvqv7vFaWRiNN1Te71siRgPaqS9MpqgYCdP/CrUbkJ7ApezaeaKjueKHRN/JH/6lRjJQAHi8acQDCAz22w=="],

    "@biomejs/cli-darwin-x64": ["@biomejs/cli-darwin-x64@2.5.1", "", { "os": "darwin", "cpu": "x64" }, "sha512-RgwTqPAM8g2tn1j+b5oRjF/DbSBX8a4gwojtuG9XuhfK7GgomvZ9+T+tqjXiVbjLEeGJOoL6VEk8mvRTVeSybw=="],

    "@biomejs/cli-linux-arm64": ["@biomejs/cli-linux-arm64@2.5.1", "", { "os": "linux", "cpu": "arm64" }, "sha512-yhV35CzZh38VyMvTEXi3JTjxZBs++oCKK9KG8vB6VI5+uvQvZNR3BFWEKKzuOmx9DJJj7sQpZ4LQJcmbGTs3+Q=="],

    "@biomejs/cli-linux-arm64-musl": ["@biomejs/cli-linux-arm64-musl@2.5.1", "", { "os": "linux", "cpu": "arm64" }, "sha512-WMcvMLgByyTqVxGlq918NBBYliq9FRR9GAQVETHb+VjGVqXCZFfHlZHC1FX4ibuYY/Hg6TJE3rHU0xVrdJXNRw=="],

    "@biomejs/cli-linux-x64": ["@biomejs/cli-linux-x64@2.5.1", "", { "os": "linux", "cpu": "x64" }, "sha512-J/7uHSX7NfoYDI7HijAkd8lnQIOrRb2W7j3X+tw4R+N5ExvXGsyXFiGdQcfcxfOmNQmZVSQOCDk757fwpzqQcg=="],

    "@biomejs/cli-linux-x64-musl": ["@biomejs/cli-linux-x64-musl@2.5.1", "", { "os": "linux", "cpu": "x64" }, "sha512-ANTowtlLmPYm5yeMckWY8Xzb9Ix+JJP3tgHR/n6xRj1VWyIzzWtfRfih9hv9VmClwadpBvZduISZIbBsIlYG3A=="],

    "@biomejs/cli-win32-arm64": ["@biomejs/cli-win32-arm64@2.5.1", "", { "os": "win32", "cpu": "arm64" }, "sha512-zgXnKNgWPC4iPF7Y1lR3STUeCUuZRpD6IiOrC7TZTlh0Lx6FiVUT05myuMQHQ9D+1cc7uyMldi4forE6lp0ivQ=="],

    "@biomejs/cli-win32-x64": ["@biomejs/cli-win32-x64@2.5.1", "", { "os": "win32", "cpu": "x64" }, "sha512-6uxpR9hvaglANkZemeSiN/FhYgkGasrEGn267eXIWvjrjJ2LhDlk251IhjVJq6MXzkV2/bcXwLwSroLyPtqRZg=="],

    "@deepseek-ai/cordis": ["@deepseek-ai/cordis@4.0.2", "", { "dependencies": { "@deepseek-ai/cosmokit": "^1.8.3", "@standard-schema/spec": "^1.1.0" }, "peerDependencies": { "@deepseek-ai/cordis-plugin-include": "^1.0.7", "@deepseek-ai/cordis-plugin-loader": "^1.0.3" }, "optionalPeers": ["@deepseek-ai/cordis-plugin-include", "@deepseek-ai/cordis-plugin-loader"], "bin": { "cordis": "bin.js" } }, "sha512-asOnXP1TzFSFQlHb1iegDZp0z/8WD1c7YNrwJR/Tx2bzNuMXfcekE/I67Iv6SQXeLB4csxqCngzQKANP7gdw0g=="],

    "@deepseek-ai/cosmokit": ["@deepseek-ai/cosmokit@1.8.3", "", {}, "sha512-qBo+ronVM6Eu2WNVJXi8JcMiqZ19T9BRIpV+5qJUFPXjGH/Z0QKcQMC/IZJ7L394YTOtJgcovbk9qP0w2GsBXQ=="],

    "@deepseek-ai/dsh-agent": ["@deepseek-ai/dsh-agent@0.1.5-rc.2", "", { "peerDependencies": { "@deepseek-ai/cordis": "^4.0.2", "@deepseek-ai/dsh-invariants": "^0.1.5-rc.2", "@deepseek-ai/dsh-llm": "^0.1.5-rc.2", "@deepseek-ai/dsh-scope": "^0.1.5-rc.2", "@deepseek-ai/dsh-session": "^0.1.5-rc.2", "@deepseek-ai/dsh-session-projection": "^0.1.5-rc.2", "@deepseek-ai/dsh-system-prompt": "^0.1.5-rc.2", "@deepseek-ai/dsh-typert-protocol": "^0.1.5-rc.2", "@deepseek-ai/dsh-util-values": "^0.1.5-rc.2" } }, "sha512-SlUL1riZmVLwMUR3jo9CP/R1cxov9dHkCJDh6JQW3fSZJVCIdPygBRlAweCUDvHxAEmPpFHxE/U3NmSUbX+vQQ=="],

    "@deepseek-ai/dsh-agent-loop": ["@deepseek-ai/dsh-agent-loop@0.1.5-rc.2", "", { "dependencies": { "@deepseek-ai/dsh-brand": "^0.1.5-rc.2", "@deepseek-ai/dsh-util-values": "^0.1.5-rc.2", "@deepseek-ai/schemastery": "^3.18.2", "zod": "^4.4.3" }, "peerDependencies": { "@deepseek-ai/cordis": "^4.0.2", "@deepseek-ai/dsh-agent": "^0.1.5-rc.2", "@deepseek-ai/dsh-invariants": "^0.1.5-rc.2", "@deepseek-ai/dsh-llm": "^0.1.5-rc.2", "@deepseek-ai/dsh-scope": "^0.1.5-rc.2", "@deepseek-ai/dsh-session": "^0.1.5-rc.2", "@deepseek-ai/dsh-session-persistence": "^0.1.5-rc.2", "@deepseek-ai/dsh-session-projection": "^0.1.5-rc.2", "@deepseek-ai/dsh-settings": "^0.1.5-rc.2", "@deepseek-ai/dsh-system-prompt": "^0.1.5-rc.2", "@deepseek-ai/dsh-tools": "^0.1.5-rc.2" } }, "sha512-24wvqVlqFmdqJ2Bhcku/vKeNy+qWSmeEeN7lvcUB+WkhcF0/Ra2G3WwcVmnahJA4+w0AKdW3W7v+YYcO/jKJpg=="],

    "@deepseek-ai/dsh-agent-loop-testkit": ["@deepseek-ai/dsh-agent-loop-testkit@0.1.5-rc.2", "", { "peerDependencies": { "@deepseek-ai/cordis": "^4.0.2", "@deepseek-ai/dsh-agent": "^0.1.5-rc.2", "@deepseek-ai/dsh-agent-loop": "^0.1.5-rc.2", "@deepseek-ai/dsh-llm": "^0.1.5-rc.2", "@deepseek-ai/dsh-session": "^0.1.5-rc.2", "@deepseek-ai/dsh-session-projection": "^0.1.5-rc.2", "@deepseek-ai/dsh-system-prompt": "^0.1.5-rc.2", "@deepseek-ai/dsh-tools": "^0.1.5-rc.2" } }, "sha512-LumKdswHadgdAjjEud+8X7jCNZr/8sQYhddpS26VgXehALj67OV5THPRuxtx5AdHLg0oHt0OaEtYz5tH+LFbiQ=="],

    "@deepseek-ai/dsh-api-remotes": ["@deepseek-ai/dsh-api-remotes@0.1.5-rc.2", "", { "dependencies": { "@deepseek-ai/dsh-deque": "^0.1.5-rc.2", "@deepseek-ai/dsh-session": "^0.1.5-rc.2", "@deepseek-ai/dsh-util-values": "^0.1.5-rc.2" }, "peerDependencies": { "@deepseek-ai/cordis": "^4.0.2", "@deepseek-ai/dsh-scope": "^0.1.5-rc.2" } }, "sha512-O8t/aJiHatgzlQIgXx6xdmpy+iAXJ/Zab1xMHIx7Noo6mzSYUIxwfJkoYgPv9G0Yfx06FPoRTUtLiZ8IADqUOA=="],

    "@deepseek-ai/dsh-attachment": ["@deepseek-ai/dsh-attachment@0.1.5-rc.2", "", { "peerDependencies": { "@deepseek-ai/cordis": "^4.0.2", "@deepseek-ai/dsh-brand": "^0.1.5-rc.2" } }, "sha512-S6b8/WjqzGw+dMDLRXnq+tbijDGkQh38yE+zpQytX2/w/mPR3VzGj5r6McS01WwD76vXR8WFoheSCLyCAro8WQ=="],

    "@deepseek-ai/dsh-brand": ["@deepseek-ai/dsh-brand@0.1.5-rc.2", "", { "peerDependencies": { "@deepseek-ai/cordis": "^4.0.2" } }, "sha512-/+3TzQRYT4M8NINZ9OrsL5VWNyQSXof8mFLx3txiosWA7Bt0H6UcxUdKGXVwj6gCXhsQ74mzEHm2ucsflG0mYA=="],

    "@deepseek-ai/dsh-client-locale": ["@deepseek-ai/dsh-client-locale@0.1.5-rc.2", "", { "dependencies": { "@deepseek-ai/schemastery": "^3.18.2" }, "peerDependencies": { "@deepseek-ai/cordis": "^4.0.2" } }, "sha512-kv56ki/WQWagsHt94wJAPzsiKnxa8KlmM33bZGgl2SgF4atlQ3iRCdkwJ3fQARXF4Ocnfutivoj5fu5usks1Sw=="],

    "@deepseek-ai/dsh-client-ui-renderer": ["@deepseek-ai/dsh-client-ui-renderer@0.1.5-rc.2", "", { "peerDependencies": { "@deepseek-ai/cordis": "^4.0.2" } }, "sha512-otUJ72f1UfL8b/UL+tMdSE+FHqJWErPmHs2AWbad9nHXghNoZjL2bxumOhI3b+Hb1eezhhM+KanlWzIulTIkvw=="],

    "@deepseek-ai/dsh-client-ui-settings": ["@deepseek-ai/dsh-client-ui-settings@0.1.5-rc.2", "", { "peerDependencies": { "@deepseek-ai/cordis": "^4.0.2" } }, "sha512-NsnZLRI2ZDzJJylx9KATuDwrTdJ0FSP93dU5SL5k2G2W4FLUspNvlAmk7bha5Miopfzmfd+h5/NvMdWe8PVVjQ=="],

    "@deepseek-ai/dsh-client-ui-slots": ["@deepseek-ai/dsh-client-ui-slots@0.1.5-rc.2", "", { "peerDependencies": { "@deepseek-ai/cordis": "^4.0.2" } }, "sha512-uUKIHBcNzWmJFtTlPkgn7hprsE5uU8lJf8Fw7jKwUouZWIwGnLdxuunrm1LOZWr7G+b4UfjVwD4LV12rhF/WLg=="],

    "@deepseek-ai/dsh-code-runtime": ["@deepseek-ai/dsh-code-runtime@0.1.5-rc.2", "", { "peerDependencies": { "@deepseek-ai/cordis": "^4.0.2" } }, "sha512-qex3bvQNBkv1eapi8iTyNq+c52q1kxfdv5+8Nkswv4/kwrkvcDa4n4iiCbEgKS+K5U4DiVIprnyIv8Nx7il7Nw=="],

    "@deepseek-ai/dsh-commands": ["@deepseek-ai/dsh-commands@0.1.5-rc.2", "", { "dependencies": { "@deepseek-ai/dsh-util-crypto": "^0.1.5-rc.2", "zod": "^4.4.3" }, "peerDependencies": { "@deepseek-ai/cordis": "^4.0.2", "@deepseek-ai/dsh-agent": "^0.1.5-rc.2", "@deepseek-ai/dsh-attachment": "^0.1.5-rc.2", "@deepseek-ai/dsh-brand": "^0.1.5-rc.2", "@deepseek-ai/dsh-invariants": "^0.1.5-rc.2", "@deepseek-ai/dsh-llm": "^0.1.5-rc.2", "@deepseek-ai/dsh-scope": "^0.1.5-rc.2", "@deepseek-ai/dsh-session": "^0.1.5-rc.2", "@deepseek-ai/dsh-typert-protocol": "^0.1.5-rc.2" } }, "sha512-ODc9h2Jig+Lo4XLdxqHpHjSXsBFeUCth6Y/rToor4KVRWQMedUARlq5otPyB1lYHyQh2DonNs2uf7g3mvag57A=="],

    "@deepseek-ai/dsh-compaction": ["@deepseek-ai/dsh-compaction@0.1.5-rc.2", "", { "peerDependencies": { "@deepseek-ai/cordis": "^4.0.2", "@deepseek-ai/dsh-brand": "^0.1.5-rc.2", "@deepseek-ai/dsh-commands": "^0.1.5-rc.2", "@deepseek-ai/dsh-invariants": "^0.1.5-rc.2", "@deepseek-ai/dsh-llm": "^0.1.5-rc.2", "@deepseek-ai/dsh-session": "^0.1.5-rc.2" } }, "sha512-aYCBBcmodNycKjaX9hWChxi2+YYMKlfiIfrNaL9QwtXs0BLvsv2/ttZqGxCebLGv6XdHWozNadC+opFpUCeZAA=="],

    "@deepseek-ai/dsh-compaction-basic": ["@deepseek-ai/dsh-compaction-basic@0.1.5-rc.2", "", { "dependencies": { "@deepseek-ai/dsh-util-values": "^0.1.5-rc.2", "@deepseek-ai/schemastery": "^3.18.2" }, "peerDependencies": { "@deepseek-ai/cordis": "^4.0.2", "@deepseek-ai/dsh-agent": "^0.1.5-rc.2", "@deepseek-ai/dsh-commands": "^0.1.5-rc.2", "@deepseek-ai/dsh-compaction": "^0.1.5-rc.2", "@deepseek-ai/dsh-compaction-tool-result-pruner": "^0.1.5-rc.2", "@deepseek-ai/dsh-llm": "^0.1.5-rc.2", "@deepseek-ai/dsh-session": "^0.1.5-rc.2", "@deepseek-ai/dsh-token-meter": "^0.1.5-rc.2" }, "optionalPeers": ["@deepseek-ai/dsh-compaction-tool-result-pruner"] }, "sha512-Tz6aEvPunsp+SXQruXTldxnZIMLPwXL3ZkWWiWnCM+83r1PglVBWABrxjaRkMaIEype/R16OjxodzR4k7GNA1A=="],

    "@deepseek-ai/dsh-deque": ["@deepseek-ai/dsh-deque@0.1.5-rc.2", "", { "peerDependencies": { "@deepseek-ai/cordis": "^4.0.2" } }, "sha512-j1dINwK5XU8f+GPdzx22o2GvsAEhCvnLxqZfEqaLGYImbvdLkToVuU7M2nVcNSU+B7v+kl39lWf3E5u6tzG8RQ=="],

    "@deepseek-ai/dsh-invariants": ["@deepseek-ai/dsh-invariants@0.1.5-rc.2", "", { "dependencies": { "@deepseek-ai/schemastery": "^3.18.2" }, "peerDependencies": { "@deepseek-ai/cordis": "^4.0.2" } }, "sha512-oUxttB2yjAgkk47AiXOCxk9GwnfGvIEGsQfnMD7fukwIdD3KLJObU7+nz63tbFN80rjwMI8rg+p9QBQ10KU5+g=="],

    "@deepseek-ai/dsh-llm": ["@deepseek-ai/dsh-llm@0.1.5-rc.2", "", { "dependencies": { "@deepseek-ai/dsh-brand": "^0.1.5-rc.2", "@deepseek-ai/dsh-timeout": "^0.1.5-rc.2", "@deepseek-ai/dsh-typert-protocol": "^0.1.5-rc.2", "@deepseek-ai/dsh-util-crypto": "^0.1.5-rc.2", "@deepseek-ai/dsh-util-values": "^0.1.5-rc.2", "@deepseek-ai/schemastery": "^3.18.2", "zod": "^4.4.3" }, "peerDependencies": { "@deepseek-ai/cordis": "^4.0.2" } }, "sha512-Z7BVsBkK24SE4EItQeow8PHms/9GP0DSTi337vTAa/RY7tNg2Snz3INcXUj6CPZfvntQr1in9op9wLI+rfNsqA=="],

    "@deepseek-ai/dsh-llm-retry": ["@deepseek-ai/dsh-llm-retry@0.1.5-rc.2", "", { "dependencies": { "@deepseek-ai/schemastery": "^3.18.2", "zod": "^4.4.3" }, "peerDependencies": { "@deepseek-ai/cordis": "^4.0.2", "@deepseek-ai/dsh-agent": "^0.1.5-rc.2", "@deepseek-ai/dsh-brand": "^0.1.5-rc.2", "@deepseek-ai/dsh-invariants": "^0.1.5-rc.2", "@deepseek-ai/dsh-llm": "^0.1.5-rc.2", "@deepseek-ai/dsh-session": "^0.1.5-rc.2", "@deepseek-ai/dsh-session-projection": "^0.1.5-rc.2", "@deepseek-ai/dsh-timeout": "^0.1.5-rc.2" } }, "sha512-6jyxD9tdzePZMdA4BdvrbdnqSkNYv2M1Nac84urkOcc3D8Jc+QYMnXrpeDB4fZRWg/l7FoKXtfUdn4Mj3kY5ow=="],

    "@deepseek-ai/dsh-scope": ["@deepseek-ai/dsh-scope@0.1.5-rc.2", "", { "peerDependencies": { "@deepseek-ai/cordis": "^4.0.2", "@deepseek-ai/dsh-invariants": "^0.1.5-rc.2" } }, "sha512-JwItISje52iVIjlGMNayRVMZrvZU/0i3Gr0s+coND5nBp5lS+pOj9Zf1RQzA5cWjHYCWKmDuQc+m6zGlwmtAeQ=="],

    "@deepseek-ai/dsh-session": ["@deepseek-ai/dsh-session@0.1.5-rc.2", "", { "dependencies": { "@deepseek-ai/dsh-brand": "^0.1.5-rc.2", "@deepseek-ai/dsh-llm": "^0.1.5-rc.2", "@deepseek-ai/dsh-util-values": "^0.1.5-rc.2" }, "peerDependencies": { "@deepseek-ai/cordis": "^4.0.2", "@deepseek-ai/dsh-scope": "^0.1.5-rc.2" } }, "sha512-y+klWiGAWR4m4cc4ylurA0cW63673B4N8cr2ANMimweDZAfxL4XVBC7WiD/5DT2DtIhYmVZhz/niyS/WbniUTA=="],

    "@deepseek-ai/dsh-session-format": ["@deepseek-ai/dsh-session-format@0.1.5-rc.2", "", { "dependencies": { "@deepseek-ai/dsh-util-values": "^0.1.5-rc.2" }, "peerDependencies": { "@deepseek-ai/cordis": "^4.0.2" } }, "sha512-Bih+d4wQ8ea+sZ1+Hws+ZBG3XpExrSQAtNMJRueFVzfTALhbnzpS5uLYw9qDapdfYYyHURlotQPRImBEpIVGFQ=="],

    "@deepseek-ai/dsh-session-format-catalog": ["@deepseek-ai/dsh-session-format-catalog@0.1.5-rc.2", "", { "dependencies": { "@deepseek-ai/dsh-session-format": "^0.1.5-rc.2", "@deepseek-ai/dsh-session-format-v0-to-v1": "^0.1.5-rc.2", "@deepseek-ai/dsh-session-format-v1-to-v2": "^0.1.5-rc.2", "@deepseek-ai/dsh-session-format-v2-to-v3": "^0.1.5-rc.2" }, "peerDependencies": { "@deepseek-ai/cordis": "^4.0.2", "@deepseek-ai/dsh-session": "^0.1.5-rc.2" } }, "sha512-UKKVXS551VuTA5hH0cz9s9GjBb8HKdQcM+8Xa4uiviavTy4SOkVO3zmo2Wx43jzgdmChtNiUhc+w9RDOZLc7gQ=="],

    "@deepseek-ai/dsh-session-format-v0-to-v1": ["@deepseek-ai/dsh-session-format-v0-to-v1@0.1.5-rc.2", "", { "dependencies": { "@deepseek-ai/dsh-session-format": "^0.1.5-rc.2", "@deepseek-ai/dsh-util-values": "^0.1.5-rc.2" }, "peerDependencies": { "@deepseek-ai/cordis": "^4.0.2" } }, "sha512-0ff7Rl5JsUHGv223XMRFv0adfy7nV2mUQSRf3N1MZviblnp2c65dArq+ieRGISw6JQL4FAz4LSt6A6zV/D6o0A=="],

    "@deepseek-ai/dsh-session-format-v1-to-v2": ["@deepseek-ai/dsh-session-format-v1-to-v2@0.1.5-rc.2", "", { "dependencies": { "@deepseek-ai/dsh-llm": "^0.1.5-rc.2", "@deepseek-ai/dsh-session-format": "^0.1.5-rc.2", "@deepseek-ai/dsh-session-format-v0-to-v1": "^0.1.5-rc.2", "@deepseek-ai/dsh-util-values": "^0.1.5-rc.2" }, "peerDependencies": { "@deepseek-ai/cordis": "^4.0.2" } }, "sha512-VI15vcRCFfzmPpUg+BXSqgB9Kd99sVVXbfxGXo/gYRgjCY3JqClRh1CYhj1BDUvL91l7LsLv9Oa63kYXXbCaIw=="],

    "@deepseek-ai/dsh-session-format-v2-to-v3": ["@deepseek-ai/dsh-session-format-v2-to-v3@0.1.5-rc.2", "", { "dependencies": { "@deepseek-ai/dsh-session-format": "^0.1.5-rc.2", "@deepseek-ai/dsh-session-format-v0-to-v1": "^0.1.5-rc.2", "@deepseek-ai/dsh-session-format-v1-to-v2": "^0.1.5-rc.2" }, "peerDependencies": { "@deepseek-ai/cordis": "^4.0.2" } }, "sha512-BO9N4O3HhBrUhyO1ucuk1xa5r1+wYCUPnMTryIrasVnOHI3ndb9ITnPhTEc2m6OXJa3c+wuEWrxc7DJHM1Cx6g=="],

    "@deepseek-ai/dsh-session-persistence": ["@deepseek-ai/dsh-session-persistence@0.1.5-rc.2", "", { "dependencies": { "@deepseek-ai/dsh-util-values": "^0.1.5-rc.2" }, "peerDependencies": { "@deepseek-ai/cordis": "^4.0.2", "@deepseek-ai/dsh-brand": "^0.1.5-rc.2", "@deepseek-ai/dsh-session": "^0.1.5-rc.2", "@deepseek-ai/dsh-timeout": "^0.1.5-rc.2" } }, "sha512-0nDeM+H+3YR0CH/IVlhjNL9bDx2G4QbliaLekVxY0jdZHM7RqdN/fWPKjeCKbXcRq6qdn9QcmvXU3uWZdErlIw=="],

    "@deepseek-ai/dsh-session-persistence-jsonl": ["@deepseek-ai/dsh-session-persistence-jsonl@0.1.5-rc.2", "", { "dependencies": { "@deepseek-ai/dsh-llm": "^0.1.5-rc.2", "@deepseek-ai/dsh-session-format": "^0.1.5-rc.2", "@deepseek-ai/dsh-session-format-catalog": "^0.1.5-rc.2", "@deepseek-ai/dsh-session-format-v2-to-v3": "^0.1.5-rc.2", "@deepseek-ai/node-addon-system": "^0.1.2", "@deepseek-ai/schemastery": "^3.18.2", "koffi": "^3.1.0" }, "peerDependencies": { "@deepseek-ai/cordis": "^4.0.2", "@deepseek-ai/dsh-session": "^0.1.5-rc.2", "@deepseek-ai/dsh-session-persistence": "^0.1.5-rc.2" } }, "sha512-nkIXdb5oOV6a05Of+3Wywe3gEB77uQOH1U0M+/SRVziSLX4JkE+us7dbWczOOloZjuUsEV7Il8kZ3R9JLsGqjA=="],

    "@deepseek-ai/dsh-session-projection": ["@deepseek-ai/dsh-session-projection@0.1.5-rc.2", "", { "dependencies": { "zod": "^4.4.3" }, "peerDependencies": { "@deepseek-ai/cordis": "^4.0.2", "@deepseek-ai/dsh-session": "^0.1.5-rc.2" } }, "sha512-WMXGBdbxD1FO1Eu7Qs2FKDXq/kl+z+5b7zGLHdra66eEnShSnQmdF9bXSFQu1sJwba2yF7ueMcBJpWy76gtgQQ=="],

    "@deepseek-ai/dsh-settings": ["@deepseek-ai/dsh-settings@0.1.5-rc.2", "", { "dependencies": { "@deepseek-ai/dsh-util-values": "^0.1.5-rc.2" }, "peerDependencies": { "@deepseek-ai/cordis": "^4.0.2", "@deepseek-ai/dsh-brand": "^0.1.5-rc.2", "@deepseek-ai/dsh-invariants": "^0.1.5-rc.2", "@deepseek-ai/dsh-session": "^0.1.5-rc.2", "@deepseek-ai/schemastery": "^3.18.2" } }, "sha512-LI2Y6GkEs9ALMW+7S9jHPeEZDXHtG5X6cix1HdJ1rRxTEO5427QlYhMiz45rk7hqZ8ca2O4XFMW8IWXFZQLxmw=="],

    "@deepseek-ai/dsh-system-prompt": ["@deepseek-ai/dsh-system-prompt@0.1.5-rc.2", "", { "dependencies": { "@deepseek-ai/schemastery": "^3.18.2" }, "peerDependencies": { "@deepseek-ai/cordis": "^4.0.2", "@deepseek-ai/dsh-invariants": "^0.1.5-rc.2", "@deepseek-ai/dsh-llm": "^0.1.5-rc.2", "@deepseek-ai/dsh-scope": "^0.1.5-rc.2" } }, "sha512-VtmZVKqBMJ7kzskHu0jY+Jth7jSuKMG8QB3MBPzJe9M0LL4YPMWsGKt9gGky9RXolk/ugAy4YZEv1gUqouVofA=="],

    "@deepseek-ai/dsh-timeout": ["@deepseek-ai/dsh-timeout@0.1.5-rc.2", "", { "peerDependencies": { "@deepseek-ai/cordis": "^4.0.2" } }, "sha512-FgfaAw8Zt5X4Y6Ljh833B8Hy7h96FeR+yjNKI3iSyZSqREqOBgvDGXFfQlSu6V3Buvw/cbI/CJUQJvfRBKXOiA=="],

    "@deepseek-ai/dsh-token-meter": ["@deepseek-ai/dsh-token-meter@0.1.5-rc.2", "", { "dependencies": { "@deepseek-ai/dsh-util-values": "^0.1.5-rc.2", "@deepseek-ai/schemastery": "^3.18.2", "zod": "^4.4.3" }, "peerDependencies": { "@deepseek-ai/cordis": "^4.0.2", "@deepseek-ai/dsh-compaction": "^0.1.5-rc.2", "@deepseek-ai/dsh-llm": "^0.1.5-rc.2", "@deepseek-ai/dsh-llm-retry": "^0.1.5-rc.2", "@deepseek-ai/dsh-session": "^0.1.5-rc.2", "@deepseek-ai/dsh-session-projection": "^0.1.5-rc.2" } }, "sha512-GS13T/USWa8pFBsahLGQCTQ31ktIa5iBqUYyFFrDPKhvUZFk7dTgltqIo9BxpsU5op0Lwj1LFyCnhNnuYbzvaw=="],

    "@deepseek-ai/dsh-tools": ["@deepseek-ai/dsh-tools@0.1.5-rc.2", "", { "dependencies": { "@deepseek-ai/dsh-brand": "^0.1.5-rc.2", "@deepseek-ai/dsh-util-values": "^0.1.5-rc.2", "@deepseek-ai/schemastery": "^3.18.2" }, "peerDependencies": { "@deepseek-ai/cordis": "^4.0.2", "@deepseek-ai/dsh-agent": "^0.1.5-rc.2", "@deepseek-ai/dsh-code-runtime": "^0.1.5-rc.2", "@deepseek-ai/dsh-invariants": "^0.1.5-rc.2", "@deepseek-ai/dsh-llm": "^0.1.5-rc.2", "@deepseek-ai/dsh-scope": "^0.1.5-rc.2", "@deepseek-ai/dsh-session": "^0.1.5-rc.2", "@deepseek-ai/dsh-system-prompt": "^0.1.5-rc.2", "@deepseek-ai/dsh-user-approval": "^0.1.5-rc.2" } }, "sha512-k2yZuJJtszaU9lzr2aBtdeFMINrkdlk4ellbtrMokA2oySVqJmAM8dv+u9RtzduD3aRRqyr2i2hWrTACz0qOrA=="],

    "@deepseek-ai/dsh-typert-protocol": ["@deepseek-ai/dsh-typert-protocol@0.1.5-rc.2", "", { "peerDependencies": { "@deepseek-ai/cordis": "^4.0.2" } }, "sha512-zP8J20rBXa1AFjKL2i83JBeQcePZx8yal3pNojj4t7CCokMcoFMUbr50woa6fY1tRJ7qHxgypO3rH8Q6YWgmiA=="],

    "@deepseek-ai/dsh-typert-registry": ["@deepseek-ai/dsh-typert-registry@0.1.5-rc.2", "", { "dependencies": { "zod": "^4.4.3" }, "peerDependencies": { "@deepseek-ai/cordis": "^4.0.2" } }, "sha512-GBHGD8T4goY8kKA0U1jD2YRPAgkESdVuSNXn7KpYeb3SLtVntt2ND+FMSwNqcMN/zuBm9Yvo5x/nuK+yxFqvBw=="],

    "@deepseek-ai/dsh-user-approval": ["@deepseek-ai/dsh-user-approval@0.1.5-rc.2", "", { "dependencies": { "@deepseek-ai/schemastery": "^3.18.2" }, "peerDependencies": { "@deepseek-ai/cordis": "^4.0.2", "@deepseek-ai/dsh-agent": "^0.1.5-rc.2", "@deepseek-ai/dsh-brand": "^0.1.5-rc.2", "@deepseek-ai/dsh-invariants": "^0.1.5-rc.2", "@deepseek-ai/dsh-llm": "^0.1.5-rc.2", "@deepseek-ai/dsh-scope": "^0.1.5-rc.2", "@deepseek-ai/dsh-session": "^0.1.5-rc.2", "@deepseek-ai/dsh-system-prompt": "^0.1.5-rc.2" } }, "sha512-8UpMEnEyMo6mYEVELBo0DC2iG7aJJfFMTNkU+DKD3c5Ut7ySRDzt1iRr1qni/CzqlTIpQBAkGaG77qk4q/v1bg=="],

    "@deepseek-ai/dsh-util-crypto": ["@deepseek-ai/dsh-util-crypto@0.1.5-rc.2", "", { "peerDependencies": { "@deepseek-ai/cordis": "^4.0.2" } }, "sha512-JR0aJEUL35RE8FVT89wMZMbPwMrbkjNcy+gE9pq70d/m2Zxw3a0iNer+BAxPAKYPbmy0xDDXReTwXiecKVy4sQ=="],

    "@deepseek-ai/dsh-util-values": ["@deepseek-ai/dsh-util-values@0.1.5-rc.2", "", { "peerDependencies": { "@deepseek-ai/cordis": "^4.0.2" } }, "sha512-Cr0TkM6dFAD+Iy4sNXH/afJVMHwJXoOztivj+RflkYoACsOq+Ix0vdHn36hwW7mayU8OK3ZKIZUQ6BPo1fHvUg=="],

    "@deepseek-ai/node-addon-system": ["@deepseek-ai/node-addon-system@0.1.2", "", { "optionalDependencies": { "@deepseek-ai/node-addon-system-darwin-arm64": "0.1.2", "@deepseek-ai/node-addon-system-darwin-x64": "0.1.2", "@deepseek-ai/node-addon-system-linux-arm64": "0.1.2", "@deepseek-ai/node-addon-system-linux-x64": "0.1.2" } }, "sha512-EFn8K+mXIXiw6s3rxX+cgp2hZTEAQdVIsURhrXnBxycSXvtQ1EQpsSVzoNKtKAQI0I0VqkEcVEjHzS/PeaGsvw=="],

    "@deepseek-ai/node-addon-system-darwin-arm64": ["@deepseek-ai/node-addon-system-darwin-arm64@0.1.2", "", { "os": "darwin", "cpu": "arm64" }, "sha512-IR0cx8um19mLCZaJ+H5PLblKr6Eg3PWvVo8eTQBr/SwH2nh5tM9CD9/5fHweNS9Pjt15UdFlGqnvLSd/w+O6Rw=="],

    "@deepseek-ai/node-addon-system-darwin-x64": ["@deepseek-ai/node-addon-system-darwin-x64@0.1.2", "", { "os": "darwin", "cpu": "x64" }, "sha512-XDbmquNapk9aT28y4EKn9lbONVr9YNs1NM/GKH1Gi5gUhjOT9wgRaTv72FJdNaVIInbPAYbPoyn7/y+MzQMNNg=="],

    "@deepseek-ai/node-addon-system-linux-arm64": ["@deepseek-ai/node-addon-system-linux-arm64@0.1.2", "", { "os": "linux", "cpu": "arm64" }, "sha512-Z/DQtqgEYzjBzb2ocHGjMzx51W7xDILkJKKj89nyErr8gZMNiLs+JNL1uKzJqc3VLZB+vYCPaHGyQ3oX6EzEmA=="],

    "@deepseek-ai/node-addon-system-linux-x64": ["@deepseek-ai/node-addon-system-linux-x64@0.1.2", "", { "os": "linux", "cpu": "x64" }, "sha512-S2aPVHvYCpNCppCFyNlooMYuTB7ucK5lvD9oXQQ42v5Z2s5AoaiCdjz9r2l+ED2rI5oS1x0cUZmKjJH2dxV0pg=="],

    "@deepseek-ai/schemastery": ["@deepseek-ai/schemastery@3.18.2", "", { "dependencies": { "@deepseek-ai/cosmokit": "^1.8.3", "@standard-schema/spec": "^1.1.0" } }, "sha512-njDtZsznjYxok7KLLlHOPyuv2efdWVbSflAHgztSfbMsg+CVraEoRe2DjOCgClYv3ZCSm7WXoaUkbB/+RY7tWQ=="],

    "@esbuild/aix-ppc64": ["@esbuild/aix-ppc64@0.28.1", "", { "os": "aix", "cpu": "ppc64" }, "sha512-Svl7tq8k/08+p6CXPpRjQ1fKX+1odH/BQbb48fV6fj3CWHhsoIOoY87w1oHXm0qEpkIK3ZfVgp0hed3XBXzXMQ=="],

    "@esbuild/android-arm": ["@esbuild/android-arm@0.28.1", "", { "os": "android", "cpu": "arm" }, "sha512-0k2F129Xdio1TdJfzJ8sy1Q47vUD2NnwdhiAf7drUN1EBTfPf4hsFCtmMgu/6m8JSzsBrlmVjudMBQqOfG8usQ=="],

    "@esbuild/android-arm64": ["@esbuild/android-arm64@0.28.1", "", { "os": "android", "cpu": "arm64" }, "sha512-34EGEbCIAgosYz6goLcopX6Mo7NyGv9tfwEM2/7Ce2VcVRk568iSvniGWcUXIy7wEDR1wzolcxcriFVrWYcwBg=="],

    "@esbuild/android-x64": ["@esbuild/android-x64@0.28.1", "", { "os": "android", "cpu": "x64" }, "sha512-dbwY7ltSMDWsRatcRpCnES4F+im88OCUgGZjy52shC7GqHRE/cYlxNbB4Z4UpJswpcc4Qxd2oE/ufM0p61IKng=="],

    "@esbuild/darwin-arm64": ["@esbuild/darwin-arm64@0.28.1", "", { "os": "darwin", "cpu": "arm64" }, "sha512-TZbWkQY7kvTAXbXUT7uVACR5cMHsDiSz9z7ZKAX/RTq/WJEk3QyRr0wZpNhBDX+/0CtdqUIJlOiodQcta6tY3Q=="],

    "@esbuild/darwin-x64": ["@esbuild/darwin-x64@0.28.1", "", { "os": "darwin", "cpu": "x64" }, "sha512-zfdzgK9ACBNZLI/CyHTOx81SyNbM6YXn7rxSgX97VjyiPl9W1i4Ka4fgKECEoFCKGpvBj5qArWIGgQjOwkgskQ=="],

    "@esbuild/freebsd-arm64": ["@esbuild/freebsd-arm64@0.28.1", "", { "os": "freebsd", "cpu": "arm64" }, "sha512-wG2EA8ENdEI0qhkSZMjfqrdY+ziCYCPMmtZjjIwOmXFjmyzEHn+UUxk5of+SYsjtfs3VpnlC7QLzSI5hY/rOAw=="],

    "@esbuild/freebsd-x64": ["@esbuild/freebsd-x64@0.28.1", "", { "os": "freebsd", "cpu": "x64" }, "sha512-i7dZ9vQgnvSCzi/rYCXNgtF/U+eKZNJBzu3eTQbRgHnM7tNSizLOkRFAl3qzVc/Op/u5YkHHa4pf/3DOYHthLQ=="],

    "@esbuild/linux-arm": ["@esbuild/linux-arm@0.28.1", "", { "os": "linux", "cpu": "arm" }, "sha512-qVXBOHQS+d5Y722GwJzJUtOLlX7km3CraOaGormF1pDtPd2C/l1SHRPgjLunLGe51Sh5YYWKMFDyV4SxgMQYTQ=="],

    "@esbuild/linux-arm64": ["@esbuild/linux-arm64@0.28.1", "", { "os": "linux", "cpu": "arm64" }, "sha512-yHs+0uc8+nvEAfAfxrWQKK5peSNzBc4PegcMO0EJ2hT71uA7vB8Ihg2e77R2P7SG5uYjPbHlLLmve4LLLRCf0g=="],

    "@esbuild/linux-ia32": ["@esbuild/linux-ia32@0.28.1", "", { "os": "linux", "cpu": "ia32" }, "sha512-d1z4ZuP0ajrfz/FhGT4vv278rX8KnPPJx8i5+AtK7TYbx9Le9F1hyzurZpkEyjkGa9dUGhQow4C1NmeGvqxN2w=="],

    "@esbuild/linux-loong64": ["@esbuild/linux-loong64@0.28.1", "", { "os": "linux", "cpu": "none" }, "sha512-M5sRjUVZrkm1OAPR3dlOYzNmN+loZKGVi1VUQGrwuqLcbR6qeAz+famMhjASeH3YVKvZz+zT1jlh/keC3Rj/lg=="],

    "@esbuild/linux-mips64el": ["@esbuild/linux-mips64el@0.28.1", "", { "os": "linux", "cpu": "none" }, "sha512-mRObBZeHh2OxcBFPWE/FjylkRgZdYuiTR3vaTozquCGOH14iP9oN4x4Ge81CoIDYQrXmIxpFumJBu5MtZpnQJQ=="],

    "@esbuild/linux-ppc64": ["@esbuild/linux-ppc64@0.28.1", "", { "os": "linux", "cpu": "ppc64" }, "sha512-slScBsMAb3GFDcdrCgLwZtPYRoH2H/youv10QiZyRjmsP48fznoveWytSgCI/R0ZcUgpc0ZhIUEx6LHts8yrfQ=="],

    "@esbuild/linux-riscv64": ["@esbuild/linux-riscv64@0.28.1", "", { "os": "linux", "cpu": "none" }, "sha512-kw0owk1o0GFETUJyW0jc0G4Yzs0BHZn0JDZ8JRT088vjJYX777BAs1fDGxAC+q831qOs2DTC96mNsG2opdfyyQ=="],

    "@esbuild/linux-s390x": ["@esbuild/linux-s390x@0.28.1", "", { "os": "linux", "cpu": "s390x" }, "sha512-/lAIjX8aYFRByhh6L5rYtPEDRqa9de/4V/juOXcta5frjvzXO4/sqEtyytse0g3zZFuWu5cDN0MkLz2qRDD2Ag=="],

    "@esbuild/linux-x64": ["@esbuild/linux-x64@0.28.1", "", { "os": "linux", "cpu": "x64" }, "sha512-u/anNYF2mmVOEDwLtnQ1wOr3EZ9sTNGLWrsYGYwHWzGA3Si84IOkHXlbWTD1NB+9/1lcnweYKO54uhxZydNzfA=="],

    "@esbuild/netbsd-arm64": ["@esbuild/netbsd-arm64@0.28.1", "", { "os": "none", "cpu": "arm64" }, "sha512-oks0DYbLwWMmaakTsCb+zL4E+aHRVLom9IJZOAthMQEPiQmydXHkziYEsGYRx0uNV/IjEKGAV941JzH02pflqw=="],

    "@esbuild/netbsd-x64": ["@esbuild/netbsd-x64@0.28.1", "", { "os": "none", "cpu": "x64" }, "sha512-aeL6lAnN89Hz43Mlh1G8ARasbuoYvSITDEx0tHh5b7jJnHcssqgjy9Yx430GDpmCa6OyrKoS0aNRjKundRizGg=="],

    "@esbuild/openbsd-arm64": ["@esbuild/openbsd-arm64@0.28.1", "", { "os": "openbsd", "cpu": "arm64" }, "sha512-MEFJe5C3R8pwXdZ5Y21oo6m7ePiS0d9pWucn99O/wvyJZChoIQKrQDxKrGeW8F5+T0okTHesAmDeiHDTIq0V/Q=="],

    "@esbuild/openbsd-x64": ["@esbuild/openbsd-x64@0.28.1", "", { "os": "openbsd", "cpu": "x64" }, "sha512-i/ZLIOafE0Z8cI/XANJAixoJL/uRAoS2xOA3rb0xN+KK0K177cMAsQYkzHtBrtMXAKuAc7HGgcWiZ/sRC1Nxgw=="],

    "@esbuild/openharmony-arm64": ["@esbuild/openharmony-arm64@0.28.1", "", { "os": "none", "cpu": "arm64" }, "sha512-ge+Z7EXFNt2BO1oAMsVpiQ8EwndV9i1xXerAeTIK7AtPs3bKFXQM7nlRxDSIUIMeueR1CNXxqztLzdNeReKBJg=="],

    "@esbuild/sunos-x64": ["@esbuild/sunos-x64@0.28.1", "", { "os": "sunos", "cpu": "x64" }, "sha512-BEjgtECkL3vY+SaSQ6nzVfiALUeFxpawyp8Jmf5PtYhf1Ug40N1h/hxlhts+f1FvSvarEigdxS3BlSMI2PJLcQ=="],

    "@esbuild/win32-arm64": ["@esbuild/win32-arm64@0.28.1", "", { "os": "win32", "cpu": "arm64" }, "sha512-lCv9eK/H6ZJWbE7bh2nw54CZ9M2nupBxJcTsdk/QQnWkdSjKGuxmmH8/GWrlT1eMmZfn4dGcCjRte397WqfQXA=="],

    "@esbuild/win32-ia32": ["@esbuild/win32-ia32@0.28.1", "", { "os": "win32", "cpu": "ia32" }, "sha512-zvb/mB2bSCoJOpoCBgYKKpX6YM6mJBlBUVUtVj41DlZJVEB6/0CKlRYxP5wWl1C1ILiCoAU5wZZ4q1P3qeS6Eg=="],

    "@esbuild/win32-x64": ["@esbuild/win32-x64@0.28.1", "", { "os": "win32", "cpu": "x64" }, "sha512-bm4Mowrv+GXMlpWX++EcXw/iLyd1o3+bJkC2DkWXYVvgZCqD/bSj9ctZeAMC3cIxgjRVR2Dufaiu4YPxr5gW1A=="],

    "@flyingcoding/dsh-magic-context": ["@flyingcoding/dsh-magic-context@workspace:packages/dsh-plugin"],

    "@koromix/koffi-android-arm64": ["@koromix/koffi-android-arm64@3.2.1", "", { "os": "android", "cpu": "arm64" }, "sha512-1pJQ4jnZlUJduK9u9DC5CGy3aOgDUPvIXpNb6syV3+Dh5Q/ugezAIGCqvY+w+1mgXsve0pd0NVvJRjdZNHQ6MA=="],

    "@koromix/koffi-android-x64": ["@koromix/koffi-android-x64@3.2.1", "", { "os": "android", "cpu": "x64" }, "sha512-HH40xGh3gVQifjOBnhwT2tECC0lL1lYe+nxHvWNSzxDIyQNcVPXg38ta7vuONRFpD+uIrw7fqGYLzbZIagkVcg=="],

    "@koromix/koffi-darwin-arm64": ["@koromix/koffi-darwin-arm64@3.2.1", "", { "os": "darwin", "cpu": "arm64" }, "sha512-Vj4h+xcjc5+Cn0DhPHjgRX4omKAv96Kehtcd+1YgYuY2W7FvQn9vS+3SmzVwhC5Qmg9bIwUZObYQ8T/4hBqQqA=="],

    "@koromix/koffi-darwin-x64": ["@koromix/koffi-darwin-x64@3.2.1", "", { "os": "darwin", "cpu": "x64" }, "sha512-gFCWxNBTZIvxo1p+PURWfsy2Ctj5FGnVVs1f03lTLhBvmxEto70pdIiFztdFLDFkAJ1pmtQmruRKapeK+E8YPA=="],

    "@koromix/koffi-freebsd-arm64": ["@koromix/koffi-freebsd-arm64@3.2.1", "", { "os": "freebsd", "cpu": "arm64" }, "sha512-qj+f1s2e6vULaUG1cdlTcCXmunCq2t+rjxku1+esaMIqVnHpOwj0QzPuInG0AFdXjwBNQhyVR/HpDj8daEwwsQ=="],

    "@koromix/koffi-freebsd-ia32": ["@koromix/koffi-freebsd-ia32@3.2.1", "", { "os": "freebsd", "cpu": "ia32" }, "sha512-6olHb1Qfgai0jjs6ddlDDD0ZfsCxy7SPi8rMRpuYQWH0qhgtyQu82hw5b1p7z+TJ0zZP3ZeQQ6l+U/MlM1ICHQ=="],

    "@koromix/koffi-freebsd-x64": ["@koromix/koffi-freebsd-x64@3.2.1", "", { "os": "freebsd", "cpu": "x64" }, "sha512-Dikhw1ySYNVMkmeFvFVjnU5Wdk6mffNoOjJxm9bTG96vg7OlemylxqdEven47R1YJ3yzNVJn/MlQ207ORWfi2w=="],

    "@koromix/koffi-linux-arm": ["@koromix/koffi-linux-arm@3.2.1", "", { "os": "linux", "cpu": "arm" }, "sha512-OfwUwZylidq95wQKp6ClInULrfB2giu7dqM6Rhe0zAe6lES5I2SXNw15T9+GnRHk3/9hKT2XZ37OZLaKSyWNLA=="],

    "@koromix/koffi-linux-arm64": ["@koromix/koffi-linux-arm64@3.2.1", "", { "os": "linux", "cpu": "arm64" }, "sha512-K+cGUL5iBcDqxmsocrjmlASqDf24gc7artbVW3PewG2c9AqwC63lezgwvB85Nx4lZAQjB6zIFHh9A7t1yGbwhw=="],

    "@koromix/koffi-linux-ia32": ["@koromix/koffi-linux-ia32@3.2.1", "", { "os": "linux", "cpu": "ia32" }, "sha512-rxj6UYjU1qd98gxNQOSCdLpc5cPRi5Giq9rNd3jnGuSNIyMkwa6Dxw4cUjmhIBCYESMJtmNt5NWnJp5u9wTfYQ=="],

    "@koromix/koffi-linux-loong64": ["@koromix/koffi-linux-loong64@3.2.1", "", { "os": "linux", "cpu": "none" }, "sha512-aHhnHzkPRmT/IHDlGvESJ/Bs32m8N6UE6Ab6kMeJzgk74IN8af2m/81/wZJtybR1M2UxCV4NmlVNUYQQvSAO3Q=="],

    "@koromix/koffi-linux-riscv64": ["@koromix/koffi-linux-riscv64@3.2.1", "", { "os": "linux", "cpu": "none" }, "sha512-qtQBsjbm3LiirLJvajWmKkNb7ARk7fvJVXdftJ7NtAnF3Xw8EbDvrtvmvtNI1yLPlYcBmlzCCD71hwhWYk0SIA=="],

    "@koromix/koffi-linux-x64": ["@koromix/koffi-linux-x64@3.2.1", "", { "os": "linux", "cpu": "x64" }, "sha512-c7hw7Qs/r5gnFRTQLcbifBwRU7wiocj+2pVuDQ5Ahb3r36SZmupmgYbTWcLvTW+hul1jd7SKRV0d14ZJq/tvSw=="],

    "@koromix/koffi-openbsd-ia32": ["@koromix/koffi-openbsd-ia32@3.2.1", "", { "os": "openbsd", "cpu": "ia32" }, "sha512-mmY8fY8LQ/CB52+h3yrMYmVyoxzW3x08S0yI6VNfHWdfU6yJtZkKCbhjmQCYMrWbYKC4gMvwZwCywIGPAkLyeA=="],

    "@koromix/koffi-openbsd-x64": ["@koromix/koffi-openbsd-x64@3.2.1", "", { "os": "openbsd", "cpu": "x64" }, "sha512-k4ig6aAPbFSRATOIIOfdf/KtlOGH4SVls6L9fy0QnTxRJYvY2oSltTsQtBDANgEQldlq8Kl5WnpRa1VSibP4Lw=="],

    "@koromix/koffi-win32-arm64": ["@koromix/koffi-win32-arm64@3.2.1", "", { "os": "win32", "cpu": "arm64" }, "sha512-cTWBJGK//pDMeKQJE/79Aq9MiOAF4H8QyLZHSQ9IWm8czOfwjG4J1AhsQ9DjI9KFOykH77hhnpmQTGVMIubGig=="],

    "@koromix/koffi-win32-ia32": ["@koromix/koffi-win32-ia32@3.2.1", "", { "os": "win32", "cpu": "ia32" }, "sha512-Z50EM6TAZ7CFyMmyX6thv8eNpJchqe9eenhibSIy2Eq/FQYF76gU2VK/LEoaF46L8hfC7TpTp9b10MvReHEyFA=="],

    "@koromix/koffi-win32-x64": ["@koromix/koffi-win32-x64@3.2.1", "", { "os": "win32", "cpu": "x64" }, "sha512-ZmZNiBO6bkOSh3QNzgfvb1cMY0yMobn6ZQrSMqbAce21qyYL8niIbyipz9N/PIRDciGhsV0wUxnZsxIO+yWsHQ=="],

    "@standard-schema/spec": ["@standard-schema/spec@1.1.0", "", {}, "sha512-l2aFy5jALhniG5HgqrD6jXLi/rUWrKvqN/qJx6yoJsgKhblVd+iqqU4RCXavm/jPityDo5TCvKMnpjKnOriy0w=="],

    "@types/bun": ["@types/bun@1.4.0", "", { "dependencies": { "bun-types": "1.4.0" } }, "sha512-K+lZULY23vRgK/CfTjFIV+tyifaNdSMlPh9j+6mQ/cLfpOznLyAuzgV/JQysyECpkBQLVMSyvjlr2fBUSA9wFQ=="],

    "@types/node": ["@types/node@24.13.1", "", { "dependencies": { "undici-types": "~7.18.0" } }, "sha512-RSpUJGmvsJ1ZeBehQZFhIdpsz+bIpES0nIQXko4Ybq+N+kX6XvOq3Jo+iJ82FWLdblFq85AsMikd3m35jgezYg=="],

    "@types/prop-types": ["@types/prop-types@15.7.15", "", {}, "sha512-F6bEyamV9jKGAFBEmlQnesRPGOQqS2+Uwi0Em15xenOxHaf2hv6L8YCVn3rPdPJOiJfPiCnLIRyvwVaqMY3MIw=="],

    "@types/react": ["@types/react@18.3.31", "", { "dependencies": { "@types/prop-types": "*", "csstype": "^3.2.2" } }, "sha512-vfEqpXTvwT91yhmwdfouStN2hSKwTvyRs8qpLfADyrq/kxDw0hZM7Wk9Ug1FELj8hIby+S/+kQCSRFF32nv2Qw=="],

    "bun-types": ["bun-types@1.4.0", "", { "dependencies": { "@types/node": "*" } }, "sha512-iIKw23BspnQQYd3prITOBxeUsxBHnwzX6YJfGMuNOZzeNcMmVqzIIVGRm1l69ogaPQmb4wB6BN8mA5bE9YuC5Q=="],

    "csstype": ["csstype@3.2.3", "", {}, "sha512-z1HGKcYy2xA8AGQfwrn0PAy+PB7X/GSj3UVJW9qKyn43xWa+gl5nXmU4qqLMRzWVLFC8KusUX8T/0kCiOYpAIQ=="],

    "esbuild": ["esbuild@0.28.1", "", { "optionalDependencies": { "@esbuild/aix-ppc64": "0.28.1", "@esbuild/android-arm": "0.28.1", "@esbuild/android-arm64": "0.28.1", "@esbuild/android-x64": "0.28.1", "@esbuild/darwin-arm64": "0.28.1", "@esbuild/darwin-x64": "0.28.1", "@esbuild/freebsd-arm64": "0.28.1", "@esbuild/freebsd-x64": "0.28.1", "@esbuild/linux-arm": "0.28.1", "@esbuild/linux-arm64": "0.28.1", "@esbuild/linux-ia32": "0.28.1", "@esbuild/linux-loong64": "0.28.1", "@esbuild/linux-mips64el": "0.28.1", "@esbuild/linux-ppc64": "0.28.1", "@esbuild/linux-riscv64": "0.28.1", "@esbuild/linux-s390x": "0.28.1", "@esbuild/linux-x64": "0.28.1", "@esbuild/netbsd-arm64": "0.28.1", "@esbuild/netbsd-x64": "0.28.1", "@esbuild/openbsd-arm64": "0.28.1", "@esbuild/openbsd-x64": "0.28.1", "@esbuild/openharmony-arm64": "0.28.1", "@esbuild/sunos-x64": "0.28.1", "@esbuild/win32-arm64": "0.28.1", "@esbuild/win32-ia32": "0.28.1", "@esbuild/win32-x64": "0.28.1" }, "bin": { "esbuild": "bin/esbuild" } }, "sha512-HrJrvZv5ayxBzPfwphOoNzkzOIIlifzk0KJrGK2c8R4+LKpMtpYLQeUdjnwjWv/LZlkH2laZk+4w78pi99D4Vw=="],

    "fsevents": ["fsevents@2.3.3", "", { "os": "darwin" }, "sha512-5xoDfX+fL7faATnagmWPpbFtwh/R77WmMMqqHGS65C3vvB0YHrgF+B1YmZ3441tMj5n63k0212XNoJwzlhffQw=="],

    "js-tokens": ["js-tokens@4.0.0", "", {}, "sha512-RdJUflcE3cUzKiMqQgsCu06FPu9UdIJO0beYbPhHN4k6apgJtifcoCtT9bcxOpYBtpD2kCM6Sbzg4CausW/PKQ=="],

    "koffi": ["koffi@3.2.1", "", { "optionalDependencies": { "@koromix/koffi-android-arm64": "3.2.1", "@koromix/koffi-android-x64": "3.2.1", "@koromix/koffi-darwin-arm64": "3.2.1", "@koromix/koffi-darwin-x64": "3.2.1", "@koromix/koffi-freebsd-arm64": "3.2.1", "@koromix/koffi-freebsd-ia32": "3.2.1", "@koromix/koffi-freebsd-x64": "3.2.1", "@koromix/koffi-linux-arm": "3.2.1", "@koromix/koffi-linux-arm64": "3.2.1", "@koromix/koffi-linux-ia32": "3.2.1", "@koromix/koffi-linux-loong64": "3.2.1", "@koromix/koffi-linux-riscv64": "3.2.1", "@koromix/koffi-linux-x64": "3.2.1", "@koromix/koffi-openbsd-ia32": "3.2.1", "@koromix/koffi-openbsd-x64": "3.2.1", "@koromix/koffi-win32-arm64": "3.2.1", "@koromix/koffi-win32-ia32": "3.2.1", "@koromix/koffi-win32-x64": "3.2.1" } }, "sha512-0qE3lZ8jllRqPN4Ob6Ajl7c2bJSJDhQWuKLGP5hIEpHLllJWv1ydHFMhHmHc5p/W9GticKVDbYzZd7TBoQ4CZg=="],

    "loose-envify": ["loose-envify@1.4.0", "", { "dependencies": { "js-tokens": "^3.0.0 || ^4.0.0" }, "bin": { "loose-envify": "cli.js" } }, "sha512-lyuxPGr/Wfhrlem2CL/UcnUc1zcqKAImBDzukY7Y5F/yQiNdko6+fRLevlw1HgMySw7f611UIY408EtxRSoK3Q=="],

    "react": ["react@18.3.1", "", { "dependencies": { "loose-envify": "^1.1.0" } }, "sha512-wS+hAgJShR0KhEvPJArfuPVN1+Hz1t0Y6n5jLrGQbkb4urgPE/0Rve+1kMB1v/oWgHgm4WIcV+i7F2pTVj+2iQ=="],

    "tsx": ["tsx@4.23.13", "", { "dependencies": { "esbuild": "~0.28.0" }, "optionalDependencies": { "fsevents": "~2.3.3" }, "bin": { "tsx": "dist/cli.mjs" } }, "sha512-BL5MGkRln6aDYhb0xbQlEAGw743BaZYWdbWtdJOBriYJboKgUUYCadFp2/FpBBZquBC/ezNBn7wMMPx7FDZUDw=="],

    "typescript": ["typescript@5.9.3", "", { "bin": { "tsc": "bin/tsc", "tsserver": "bin/tsserver" } }, "sha512-jl1vZzPDinLr9eUt3J/t7V6FgNEw9QjvBPdysz9KfQDD41fQrC2Y4vKQdiaUpFT4bXlb1RHhLpp8wtm6M5TgSw=="],

    "undici-types": ["undici-types@7.18.2", "", {}, "sha512-AsuCzffGHJybSaRrmr5eHr81mwJU3kjw6M+uprWvCXiNeN9SOGwQ3Jn8jb8m3Z6izVgknn1R0FTCEAP2QrLY/w=="],

    "zod": ["zod@4.4.3", "", {}, "sha512-ytENFjIJFl2UwYglde2jchW2Hwm4GJFLDiSXWdTrJQBIN9Fcyp7n4DhxJEiWNAJMV1/BqWfW/kkg71UDcHJyTQ=="],
  }
}
